// !$*UTF8*$!
{
	archiveVersion = 1;
	classes = {
	};
	objectVersion = 46;
	objects = {

/* Begin PBXBuildFile section */
		650718D6195F2C78002B2EC0 /* AppDelegate.swift in Sources */ = {isa = PBXBuildFile; fileRef = 650718D5195F2C78002B2EC0 /* AppDelegate.swift */; };
		650718D8195F2C78002B2EC0 /* LoginViewController.swift in Sources */ = {isa = PBXBuildFile; fileRef = 650718D7195F2C78002B2EC0 /* LoginViewController.swift */; };
		650718DB195F2C78002B2EC0 /* Main.storyboard in Resources */ = {isa = PBXBuildFile; fileRef = 650718D9195F2C78002B2EC0 /* Main.storyboard */; };
		650718DD195F2C78002B2EC0 /* Images.xcassets in Resources */ = {isa = PBXBuildFile; fileRef = 650718DC195F2C78002B2EC0 /* Images.xcassets */; };
		650718E9195F2C78002B2EC0 /* FBGroupsTests.swift in Sources */ = {isa = PBXBuildFile; fileRef = 650718E8195F2C78002B2EC0 /* FBGroupsTests.swift */; };
		650718FB195F657A002B2EC0 /* GroupsTableViewController.swift in Sources */ = {isa = PBXBuildFile; fileRef = 650718FA195F657A002B2EC0 /* GroupsTableViewController.swift */; };
		655CF724198762770016F329 /* SettingsTableViewController.swift in Sources */ = {isa = PBXBuildFile; fileRef = 655CF723198762770016F329 /* SettingsTableViewController.swift */; };
		65729F3A1963408A002D9D52 /* UIKit.framework in Frameworks */ = {isa = PBXBuildFile; fileRef = 65729F391963408A002D9D52 /* UIKit.framework */; };
		657A0DBB197070BC0081E306 /* Group.swift in Sources */ = {isa = PBXBuildFile; fileRef = 657A0DBA197070BC0081E306 /* Group.swift */; };
		6582B3F61971FA3100F59FD0 /* GroupFetcher.swift in Sources */ = {isa = PBXBuildFile; fileRef = 6582B3F51971FA3100F59FD0 /* GroupFetcher.swift */; };
		6582B3F919721BF200F59FD0 /* Comment.swift in Sources */ = {isa = PBXBuildFile; fileRef = 6582B3F819721BF200F59FD0 /* Comment.swift */; };
		659273881983507A00466298 /* CommentCell.swift in Sources */ = {isa = PBXBuildFile; fileRef = 659273871983507A00466298 /* CommentCell.swift */; };
		6592738A1983590000466298 /* GroupFeedCell.swift in Sources */ = {isa = PBXBuildFile; fileRef = 659273891983590000466298 /* GroupFeedCell.swift */; };
		65929CFB1972353C003F7CC8 /* GroupFeedTableViewController.swift in Sources */ = {isa = PBXBuildFile; fileRef = 65929CFA1972353C003F7CC8 /* GroupFeedTableViewController.swift */; };
		65931A0D197220530075912E /* CommentFetcher.swift in Sources */ = {isa = PBXBuildFile; fileRef = 65931A0C197220530075912E /* CommentFetcher.swift */; };
		65B52AD2195FC010003E6D8B /* GroupTableViewController.swift in Sources */ = {isa = PBXBuildFile; fileRef = 65B52AD1195FC010003E6D8B /* GroupTableViewController.swift */; };
		65B52AD4195FC4C4003E6D8B /* GroupFeed.swift in Sources */ = {isa = PBXBuildFile; fileRef = 65B52AD3195FC4C4003E6D8B /* GroupFeed.swift */; };
		65FA0C17196E3A42008E1C88 /* fbgroups.xcdatamodeld in Sources */ = {isa = PBXBuildFile; fileRef = 65FA0C15196E3A42008E1C88 /* fbgroups.xcdatamodeld */; };
		65FA0C1C196E3E00008E1C88 /* GroupFeedFetcher.swift in Sources */ = {isa = PBXBuildFile; fileRef = 65FA0C1B196E3E00008E1C88 /* GroupFeedFetcher.swift */; };
		65FA0C1E196E4848008E1C88 /* CoreDataTableViewController.swift in Sources */ = {isa = PBXBuildFile; fileRef = 65FA0C1D196E4848008E1C88 /* CoreDataTableViewController.swift */; };
		BB83C135B091494C958B3AD9 /* libPods-FBGroups.a in Frameworks */ = {isa = PBXBuildFile; fileRef = 997381EEF21D4B53A017416B /* libPods-FBGroups.a */; };
/* End PBXBuildFile section */

/* Begin PBXContainerItemProxy section */
		650718E3195F2C78002B2EC0 /* PBXContainerItemProxy */ = {
			isa = PBXContainerItemProxy;
			containerPortal = 650718C8195F2C78002B2EC0 /* Project object */;
			proxyType = 1;
			remoteGlobalIDString = 650718CF195F2C78002B2EC0;
			remoteInfo = FBGroups;
		};
		651BB7201970CD8000CE1532 /* PBXContainerItemProxy */ = {
			isa = PBXContainerItemProxy;
			containerPortal = 650718C8195F2C78002B2EC0 /* Project object */;
			proxyType = 1;
			remoteGlobalIDString = 650718CF195F2C78002B2EC0;
			remoteInfo = FBGroups;
		};
		651BB7221970CD8000CE1532 /* PBXContainerItemProxy */ = {
			isa = PBXContainerItemProxy;
			containerPortal = 650718C8195F2C78002B2EC0 /* Project object */;
			proxyType = 1;
			remoteGlobalIDString = 650718CF195F2C78002B2EC0;
			remoteInfo = FBGroups;
		};
		657D4D6B19848A190023F0CA /* PBXContainerItemProxy */ = {
			isa = PBXContainerItemProxy;
			containerPortal = 650718C8195F2C78002B2EC0 /* Project object */;
			proxyType = 1;
			remoteGlobalIDString = 650718CF195F2C78002B2EC0;
			remoteInfo = FBGroups;
		};
/* End PBXContainerItemProxy section */

/* Begin PBXFileReference section */
		650718D0195F2C78002B2EC0 /* FBGroups.app */ = {isa = PBXFileReference; explicitFileType = wrapper.application; includeInIndex = 0; path = FBGroups.app; sourceTree = BUILT_PRODUCTS_DIR; };
		650718D4195F2C78002B2EC0 /* Info.plist */ = {isa = PBXFileReference; lastKnownFileType = text.plist.xml; path = Info.plist; sourceTree = "<group>"; };
		650718D5195F2C78002B2EC0 /* AppDelegate.swift */ = {isa = PBXFileReference; lastKnownFileType = sourcecode.swift; path = AppDelegate.swift; sourceTree = "<group>"; };
		650718D7195F2C78002B2EC0 /* LoginViewController.swift */ = {isa = PBXFileReference; lastKnownFileType = sourcecode.swift; path = LoginViewController.swift; sourceTree = "<group>"; };
		650718DA195F2C78002B2EC0 /* Base */ = {isa = PBXFileReference; lastKnownFileType = file.storyboard; name = Base; path = Base.lproj/Main.storyboard; sourceTree = "<group>"; };
		650718DC195F2C78002B2EC0 /* Images.xcassets */ = {isa = PBXFileReference; lastKnownFileType = folder.assetcatalog; path = Images.xcassets; sourceTree = "<group>"; };
		650718E2195F2C78002B2EC0 /* FBGroupsTests.xctest */ = {isa = PBXFileReference; explicitFileType = wrapper.cfbundle; includeInIndex = 0; path = FBGroupsTests.xctest; sourceTree = BUILT_PRODUCTS_DIR; };
		650718E7195F2C78002B2EC0 /* Info.plist */ = {isa = PBXFileReference; lastKnownFileType = text.plist.xml; path = Info.plist; sourceTree = "<group>"; };
		650718E8195F2C78002B2EC0 /* FBGroupsTests.swift */ = {isa = PBXFileReference; lastKnownFileType = sourcecode.swift; path = FBGroupsTests.swift; sourceTree = "<group>"; };
		650718F7195F3ED6002B2EC0 /* FBGroups-Bridging-Header.h */ = {isa = PBXFileReference; lastKnownFileType = sourcecode.c.h; path = "FBGroups-Bridging-Header.h"; sourceTree = "<group>"; };
		650718FA195F657A002B2EC0 /* GroupsTableViewController.swift */ = {isa = PBXFileReference; fileEncoding = 4; lastKnownFileType = sourcecode.swift; path = GroupsTableViewController.swift; sourceTree = "<group>"; };
		655CF723198762770016F329 /* SettingsTableViewController.swift */ = {isa = PBXFileReference; fileEncoding = 4; lastKnownFileType = sourcecode.swift; path = SettingsTableViewController.swift; sourceTree = "<group>"; };
		65729F391963408A002D9D52 /* UIKit.framework */ = {isa = PBXFileReference; lastKnownFileType = wrapper.framework; name = UIKit.framework; path = System/Library/Frameworks/UIKit.framework; sourceTree = SDKROOT; };
		657A0DBA197070BC0081E306 /* Group.swift */ = {isa = PBXFileReference; fileEncoding = 4; lastKnownFileType = sourcecode.swift; path = Group.swift; sourceTree = "<group>"; };
		6582B3F51971FA3100F59FD0 /* GroupFetcher.swift */ = {isa = PBXFileReference; fileEncoding = 4; lastKnownFileType = sourcecode.swift; path = GroupFetcher.swift; sourceTree = "<group>"; };
		6582B3F819721BF200F59FD0 /* Comment.swift */ = {isa = PBXFileReference; fileEncoding = 4; lastKnownFileType = sourcecode.swift; path = Comment.swift; sourceTree = "<group>"; };
		659273871983507A00466298 /* CommentCell.swift */ = {isa = PBXFileReference; fileEncoding = 4; lastKnownFileType = sourcecode.swift; path = CommentCell.swift; sourceTree = "<group>"; };
		659273891983590000466298 /* GroupFeedCell.swift */ = {isa = PBXFileReference; fileEncoding = 4; lastKnownFileType = sourcecode.swift; path = GroupFeedCell.swift; sourceTree = "<group>"; };
		65929CFA1972353C003F7CC8 /* GroupFeedTableViewController.swift */ = {isa = PBXFileReference; fileEncoding = 4; lastKnownFileType = sourcecode.swift; path = GroupFeedTableViewController.swift; sourceTree = "<group>"; };
		65931A0C197220530075912E /* CommentFetcher.swift */ = {isa = PBXFileReference; fileEncoding = 4; lastKnownFileType = sourcecode.swift; path = CommentFetcher.swift; sourceTree = "<group>"; };
		65B52AD1195FC010003E6D8B /* GroupTableViewController.swift */ = {isa = PBXFileReference; fileEncoding = 4; lastKnownFileType = sourcecode.swift; path = GroupTableViewController.swift; sourceTree = "<group>"; };
		65B52AD3195FC4C4003E6D8B /* GroupFeed.swift */ = {isa = PBXFileReference; fileEncoding = 4; lastKnownFileType = sourcecode.swift; path = GroupFeed.swift; sourceTree = "<group>"; };
		65FA0C16196E3A42008E1C88 /* fbgroups.xcdatamodel */ = {isa = PBXFileReference; lastKnownFileType = wrapper.xcdatamodel; path = fbgroups.xcdatamodel; sourceTree = "<group>"; };
		65FA0C1B196E3E00008E1C88 /* GroupFeedFetcher.swift */ = {isa = PBXFileReference; fileEncoding = 4; lastKnownFileType = sourcecode.swift; path = GroupFeedFetcher.swift; sourceTree = "<group>"; };
		65FA0C1D196E4848008E1C88 /* CoreDataTableViewController.swift */ = {isa = PBXFileReference; fileEncoding = 4; lastKnownFileType = sourcecode.swift; path = CoreDataTableViewController.swift; sourceTree = "<group>"; };
		997381EEF21D4B53A017416B /* libPods-FBGroups.a */ = {isa = PBXFileReference; explicitFileType = archive.ar; includeInIndex = 0; path = "libPods-FBGroups.a"; sourceTree = BUILT_PRODUCTS_DIR; };
		A75C5F6916744E03B23C2B87 /* Pods-FBGroups.xcconfig */ = {isa = PBXFileReference; includeInIndex = 1; lastKnownFileType = text.xcconfig; name = "Pods-FBGroups.xcconfig"; path = "Pods/Pods-FBGroups.xcconfig"; sourceTree = "<group>"; };
/* End PBXFileReference section */

/* Begin PBXFrameworksBuildPhase section */
		650718CD195F2C78002B2EC0 /* Frameworks */ = {
			isa = PBXFrameworksBuildPhase;
			buildActionMask = 2147483647;
			files = (
				65729F3A1963408A002D9D52 /* UIKit.framework in Frameworks */,
				BB83C135B091494C958B3AD9 /* libPods-FBGroups.a in Frameworks */,
			);
			runOnlyForDeploymentPostprocessing = 0;
		};
		650718DF195F2C78002B2EC0 /* Frameworks */ = {
			isa = PBXFrameworksBuildPhase;
			buildActionMask = 2147483647;
			files = (
			);
			runOnlyForDeploymentPostprocessing = 0;
		};
/* End PBXFrameworksBuildPhase section */

/* Begin PBXGroup section */
		650718C7195F2C78002B2EC0 = {
			isa = PBXGroup;
			children = (
				650718D2195F2C78002B2EC0 /* FBGroups */,
				650718E5195F2C78002B2EC0 /* FBGroupsTests */,
				650718D1195F2C78002B2EC0 /* Products */,
				650718F4195F2D77002B2EC0 /* Frameworks */,
				A75C5F6916744E03B23C2B87 /* Pods-FBGroups.xcconfig */,
			);
			sourceTree = "<group>";
		};
		650718D1195F2C78002B2EC0 /* Products */ = {
			isa = PBXGroup;
			children = (
				650718D0195F2C78002B2EC0 /* FBGroups.app */,
				650718E2195F2C78002B2EC0 /* FBGroupsTests.xctest */,
			);
			name = Products;
			sourceTree = "<group>";
		};
		650718D2195F2C78002B2EC0 /* FBGroups */ = {
			isa = PBXGroup;
			children = (
				6582B3F71971FA3D00F59FD0 /* Models */,
				650718D5195F2C78002B2EC0 /* AppDelegate.swift */,
				650718D7195F2C78002B2EC0 /* LoginViewController.swift */,
				650718FA195F657A002B2EC0 /* GroupsTableViewController.swift */,
				655CF723198762770016F329 /* SettingsTableViewController.swift */,
				65B52AD1195FC010003E6D8B /* GroupTableViewController.swift */,
				65929CFA1972353C003F7CC8 /* GroupFeedTableViewController.swift */,
				65FA0C1D196E4848008E1C88 /* CoreDataTableViewController.swift */,
				659273891983590000466298 /* GroupFeedCell.swift */,
				659273871983507A00466298 /* CommentCell.swift */,
				650718D9195F2C78002B2EC0 /* Main.storyboard */,
				650718DC195F2C78002B2EC0 /* Images.xcassets */,
				650718D3195F2C78002B2EC0 /* Supporting Files */,
				650718F7195F3ED6002B2EC0 /* FBGroups-Bridging-Header.h */,
			);
			path = FBGroups;
			sourceTree = "<group>";
		};
		650718D3195F2C78002B2EC0 /* Supporting Files */ = {
			isa = PBXGroup;
			children = (
				650718D4195F2C78002B2EC0 /* Info.plist */,
			);
			name = "Supporting Files";
			sourceTree = "<group>";
		};
		650718E5195F2C78002B2EC0 /* FBGroupsTests */ = {
			isa = PBXGroup;
			children = (
				650718E8195F2C78002B2EC0 /* FBGroupsTests.swift */,
				650718E6195F2C78002B2EC0 /* Supporting Files */,
			);
			path = FBGroupsTests;
			sourceTree = "<group>";
		};
		650718E6195F2C78002B2EC0 /* Supporting Files */ = {
			isa = PBXGroup;
			children = (
				650718E7195F2C78002B2EC0 /* Info.plist */,
			);
			name = "Supporting Files";
			sourceTree = "<group>";
		};
		650718F4195F2D77002B2EC0 /* Frameworks */ = {
			isa = PBXGroup;
			children = (
				65729F391963408A002D9D52 /* UIKit.framework */,
				997381EEF21D4B53A017416B /* libPods-FBGroups.a */,
			);
			name = Frameworks;
			sourceTree = "<group>";
		};
		6582B3F71971FA3D00F59FD0 /* Models */ = {
			isa = PBXGroup;
			children = (
				65FA0C15196E3A42008E1C88 /* fbgroups.xcdatamodeld */,
				65B52AD3195FC4C4003E6D8B /* GroupFeed.swift */,
				6582B3F819721BF200F59FD0 /* Comment.swift */,
				657A0DBA197070BC0081E306 /* Group.swift */,
				6582B3F51971FA3100F59FD0 /* GroupFetcher.swift */,
				65FA0C1B196E3E00008E1C88 /* GroupFeedFetcher.swift */,
				65931A0C197220530075912E /* CommentFetcher.swift */,
			);
			name = Models;
			sourceTree = "<group>";
		};
/* End PBXGroup section */

/* Begin PBXNativeTarget section */
		650718CF195F2C78002B2EC0 /* FBGroups */ = {
			isa = PBXNativeTarget;
			buildConfigurationList = 650718EC195F2C78002B2EC0 /* Build configuration list for PBXNativeTarget "FBGroups" */;
			buildPhases = (
				C0E1BF52690F4AF195E8E7D2 /* Check Pods Manifest.lock */,
				650718CC195F2C78002B2EC0 /* Sources */,
				650718CD195F2C78002B2EC0 /* Frameworks */,
				650718CE195F2C78002B2EC0 /* Resources */,
				6D79568847AA4CACA45B0468 /* Copy Pods Resources */,
			);
			buildRules = (
			);
			dependencies = (
			);
			name = FBGroups;
			productName = FBGroups;
			productReference = 650718D0195F2C78002B2EC0 /* FBGroups.app */;
			productType = "com.apple.product-type.application";
		};
		650718E1195F2C78002B2EC0 /* FBGroupsTests */ = {
			isa = PBXNativeTarget;
			buildConfigurationList = 650718EF195F2C78002B2EC0 /* Build configuration list for PBXNativeTarget "FBGroupsTests" */;
			buildPhases = (
				650718DE195F2C78002B2EC0 /* Sources */,
				650718DF195F2C78002B2EC0 /* Frameworks */,
				650718E0195F2C78002B2EC0 /* Resources */,
			);
			buildRules = (
			);
			dependencies = (
				650718E4195F2C78002B2EC0 /* PBXTargetDependency */,
				651BB7211970CD8000CE1532 /* PBXTargetDependency */,
				651BB7231970CD8000CE1532 /* PBXTargetDependency */,
				657D4D6C19848A190023F0CA /* PBXTargetDependency */,
			);
			name = FBGroupsTests;
			productName = FBGroupsTests;
			productReference = 650718E2195F2C78002B2EC0 /* FBGroupsTests.xctest */;
			productType = "com.apple.product-type.bundle.unit-test";
		};
/* End PBXNativeTarget section */

/* Begin PBXProject section */
		650718C8195F2C78002B2EC0 /* Project object */ = {
			isa = PBXProject;
			attributes = {
				LastUpgradeCheck = 0600;
				ORGANIZATIONNAME = yosubshin;
				TargetAttributes = {
					650718CF195F2C78002B2EC0 = {
						CreatedOnToolsVersion = 6.0;
					};
					650718E1195F2C78002B2EC0 = {
						CreatedOnToolsVersion = 6.0;
						TestTargetID = 650718CF195F2C78002B2EC0;
					};
				};
			};
			buildConfigurationList = 650718CB195F2C78002B2EC0 /* Build configuration list for PBXProject "FBGroups" */;
			compatibilityVersion = "Xcode 3.2";
			developmentRegion = English;
			hasScannedForEncodings = 0;
			knownRegions = (
				en,
				Base,
			);
			mainGroup = 650718C7195F2C78002B2EC0;
			productRefGroup = 650718D1195F2C78002B2EC0 /* Products */;
			projectDirPath = "";
			projectRoot = "";
			targets = (
				650718CF195F2C78002B2EC0 /* FBGroups */,
				650718E1195F2C78002B2EC0 /* FBGroupsTests */,
			);
		};
/* End PBXProject section */

/* Begin PBXResourcesBuildPhase section */
		650718CE195F2C78002B2EC0 /* Resources */ = {
			isa = PBXResourcesBuildPhase;
			buildActionMask = 2147483647;
			files = (
				650718DB195F2C78002B2EC0 /* Main.storyboard in Resources */,
				650718DD195F2C78002B2EC0 /* Images.xcassets in Resources */,
			);
			runOnlyForDeploymentPostprocessing = 0;
		};
		650718E0195F2C78002B2EC0 /* Resources */ = {
			isa = PBXResourcesBuildPhase;
			buildActionMask = 2147483647;
			files = (
			);
			runOnlyForDeploymentPostprocessing = 0;
		};
/* End PBXResourcesBuildPhase section */

/* Begin PBXShellScriptBuildPhase section */
		6D79568847AA4CACA45B0468 /* Copy Pods Resources */ = {
			isa = PBXShellScriptBuildPhase;
			buildActionMask = 2147483647;
			files = (
			);
			inputPaths = (
			);
			name = "Copy Pods Resources";
			outputPaths = (
			);
			runOnlyForDeploymentPostprocessing = 0;
			shellPath = /bin/sh;
			shellScript = "\"${SRCROOT}/Pods/Pods-FBGroups-resources.sh\"\n";
			showEnvVarsInLog = 0;
		};
		C0E1BF52690F4AF195E8E7D2 /* Check Pods Manifest.lock */ = {
			isa = PBXShellScriptBuildPhase;
			buildActionMask = 2147483647;
			files = (
			);
			inputPaths = (
			);
			name = "Check Pods Manifest.lock";
			outputPaths = (
			);
			runOnlyForDeploymentPostprocessing = 0;
			shellPath = /bin/sh;
			shellScript = "diff \"${PODS_ROOT}/../Podfile.lock\" \"${PODS_ROOT}/Manifest.lock\" > /dev/null\nif [[ $? != 0 ]] ; then\n    cat << EOM\nerror: The sandbox is not in sync with the Podfile.lock. Run 'pod install' or update your CocoaPods installation.\nEOM\n    exit 1\nfi\n";
			showEnvVarsInLog = 0;
		};
/* End PBXShellScriptBuildPhase section */

/* Begin PBXSourcesBuildPhase section */
		650718CC195F2C78002B2EC0 /* Sources */ = {
			isa = PBXSourcesBuildPhase;
			buildActionMask = 2147483647;
			files = (
				650718D8195F2C78002B2EC0 /* LoginViewController.swift in Sources */,
				65929CFB1972353C003F7CC8 /* GroupFeedTableViewController.swift in Sources */,
				65B52AD2195FC010003E6D8B /* GroupTableViewController.swift in Sources */,
				657A0DBB197070BC0081E306 /* Group.swift in Sources */,
				650718D6195F2C78002B2EC0 /* AppDelegate.swift in Sources */,
				65FA0C17196E3A42008E1C88 /* fbgroups.xcdatamodeld in Sources */,
				65FA0C1C196E3E00008E1C88 /* GroupFeedFetcher.swift in Sources */,
				65931A0D197220530075912E /* CommentFetcher.swift in Sources */,
				6582B3F61971FA3100F59FD0 /* GroupFetcher.swift in Sources */,
				6582B3F919721BF200F59FD0 /* Comment.swift in Sources */,
				650718FB195F657A002B2EC0 /* GroupsTableViewController.swift in Sources */,
				65FA0C1E196E4848008E1C88 /* CoreDataTableViewController.swift in Sources */,
				655CF724198762770016F329 /* SettingsTableViewController.swift in Sources */,
				6592738A1983590000466298 /* GroupFeedCell.swift in Sources */,
				65B52AD4195FC4C4003E6D8B /* GroupFeed.swift in Sources */,
				659273881983507A00466298 /* CommentCell.swift in Sources */,
			);
			runOnlyForDeploymentPostprocessing = 0;
		};
		650718DE195F2C78002B2EC0 /* Sources */ = {
			isa = PBXSourcesBuildPhase;
			buildActionMask = 2147483647;
			files = (
				650718E9195F2C78002B2EC0 /* FBGroupsTests.swift in Sources */,
			);
			runOnlyForDeploymentPostprocessing = 0;
		};
/* End PBXSourcesBuildPhase section */

/* Begin PBXTargetDependency section */
		650718E4195F2C78002B2EC0 /* PBXTargetDependency */ = {
			isa = PBXTargetDependency;
			target = 650718CF195F2C78002B2EC0 /* FBGroups */;
			targetProxy = 650718E3195F2C78002B2EC0 /* PBXContainerItemProxy */;
		};
		651BB7211970CD8000CE1532 /* PBXTargetDependency */ = {
			isa = PBXTargetDependency;
			target = 650718CF195F2C78002B2EC0 /* FBGroups */;
			targetProxy = 651BB7201970CD8000CE1532 /* PBXContainerItemProxy */;
		};
		651BB7231970CD8000CE1532 /* PBXTargetDependency */ = {
			isa = PBXTargetDependency;
			target = 650718CF195F2C78002B2EC0 /* FBGroups */;
			targetProxy = 651BB7221970CD8000CE1532 /* PBXContainerItemProxy */;
		};
		657D4D6C19848A190023F0CA /* PBXTargetDependency */ = {
			isa = PBXTargetDependency;
			target = 650718CF195F2C78002B2EC0 /* FBGroups */;
			targetProxy = 657D4D6B19848A190023F0CA /* PBXContainerItemProxy */;
		};
/* End PBXTargetDependency section */

/* Begin PBXVariantGroup section */
		650718D9195F2C78002B2EC0 /* Main.storyboard */ = {
			isa = PBXVariantGroup;
			children = (
				650718DA195F2C78002B2EC0 /* Base */,
			);
			name = Main.storyboard;
			sourceTree = "<group>";
		};
/* End PBXVariantGroup section */

/* Begin XCBuildConfiguration section */
		650718EA195F2C78002B2EC0 /* Debug */ = {
			isa = XCBuildConfiguration;
			buildSettings = {
				ALWAYS_SEARCH_USER_PATHS = NO;
				CLANG_CXX_LANGUAGE_STANDARD = "gnu++0x";
				CLANG_CXX_LIBRARY = "libc++";
				CLANG_ENABLE_MODULES = YES;
				CLANG_ENABLE_OBJC_ARC = YES;
				CLANG_WARN_BOOL_CONVERSION = YES;
				CLANG_WARN_CONSTANT_CONVERSION = YES;
				CLANG_WARN_DIRECT_OBJC_ISA_USAGE = YES_ERROR;
				CLANG_WARN_EMPTY_BODY = YES;
				CLANG_WARN_ENUM_CONVERSION = YES;
				CLANG_WARN_INT_CONVERSION = YES;
				CLANG_WARN_OBJC_ROOT_CLASS = YES_ERROR;
				CLANG_WARN_UNREACHABLE_CODE = YES;
				CLANG_WARN__DUPLICATE_METHOD_MATCH = YES;
				"CODE_SIGN_IDENTITY[sdk=iphoneos*]" = "iPhone Developer";
				COPY_PHASE_STRIP = NO;
				ENABLE_STRICT_OBJC_MSGSEND = YES;
				GCC_C_LANGUAGE_STANDARD = gnu99;
				GCC_DYNAMIC_NO_PIC = NO;
				GCC_OPTIMIZATION_LEVEL = 0;
				GCC_PREPROCESSOR_DEFINITIONS = (
					"DEBUG=1",
					"$(inherited)",
				);
				GCC_SYMBOLS_PRIVATE_EXTERN = NO;
				GCC_WARN_64_TO_32_BIT_CONVERSION = YES;
				GCC_WARN_ABOUT_RETURN_TYPE = YES_ERROR;
				GCC_WARN_UNDECLARED_SELECTOR = YES;
				GCC_WARN_UNINITIALIZED_AUTOS = YES_AGGRESSIVE;
				GCC_WARN_UNUSED_FUNCTION = YES;
				GCC_WARN_UNUSED_VARIABLE = YES;
				IPHONEOS_DEPLOYMENT_TARGET = 8.0;
				METAL_ENABLE_DEBUG_INFO = YES;
				ONLY_ACTIVE_ARCH = YES;
				SDKROOT = iphoneos;
				SWIFT_OPTIMIZATION_LEVEL = "-Onone";
			};
			name = Debug;
		};
		650718EB195F2C78002B2EC0 /* Release */ = {
			isa = XCBuildConfiguration;
			buildSettings = {
				ALWAYS_SEARCH_USER_PATHS = NO;
				CLANG_CXX_LANGUAGE_STANDARD = "gnu++0x";
				CLANG_CXX_LIBRARY = "libc++";
				CLANG_ENABLE_MODULES = YES;
				CLANG_ENABLE_OBJC_ARC = YES;
				CLANG_WARN_BOOL_CONVERSION = YES;
				CLANG_WARN_CONSTANT_CONVERSION = YES;
				CLANG_WARN_DIRECT_OBJC_ISA_USAGE = YES_ERROR;
				CLANG_WARN_EMPTY_BODY = YES;
				CLANG_WARN_ENUM_CONVERSION = YES;
				CLANG_WARN_INT_CONVERSION = YES;
				CLANG_WARN_OBJC_ROOT_CLASS = YES_ERROR;
				CLANG_WARN_UNREACHABLE_CODE = YES;
				CLANG_WARN__DUPLICATE_METHOD_MATCH = YES;
				"CODE_SIGN_IDENTITY[sdk=iphoneos*]" = "iPhone Developer";
				COPY_PHASE_STRIP = YES;
				ENABLE_NS_ASSERTIONS = NO;
				ENABLE_STRICT_OBJC_MSGSEND = YES;
				GCC_C_LANGUAGE_STANDARD = gnu99;
				GCC_WARN_64_TO_32_BIT_CONVERSION = YES;
				GCC_WARN_ABOUT_RETURN_TYPE = YES_ERROR;
				GCC_WARN_UNDECLARED_SELECTOR = YES;
				GCC_WARN_UNINITIALIZED_AUTOS = YES_AGGRESSIVE;
				GCC_WARN_UNUSED_FUNCTION = YES;
				GCC_WARN_UNUSED_VARIABLE = YES;
				IPHONEOS_DEPLOYMENT_TARGET = 8.0;
				METAL_ENABLE_DEBUG_INFO = NO;
				SDKROOT = iphoneos;
				VALIDATE_PRODUCT = YES;
			};
			name = Release;
		};
		650718ED195F2C78002B2EC0 /* Debug */ = {
			isa = XCBuildConfiguration;
			baseConfigurationReference = A75C5F6916744E03B23C2B87 /* Pods-FBGroups.xcconfig */;
			buildSettings = {
				ASSETCATALOG_COMPILER_APPICON_NAME = AppIcon;
				ASSETCATALOG_COMPILER_LAUNCHIMAGE_NAME = LaunchImage;
				CLANG_ENABLE_MODULES = YES;
				FRAMEWORK_SEARCH_PATHS = (
					"$(inherited)",
					"$(PROJECT_DIR)/FBGroups",
					/Users/Daniel/Documents/FacebookSDK,
				);
				INFOPLIST_FILE = FBGroups/Info.plist;
				LD_RUNPATH_SEARCH_PATHS = "$(inherited) @executable_path/Frameworks";
				PRODUCT_NAME = "$(TARGET_NAME)";
				SWIFT_OBJC_BRIDGING_HEADER = "FBGroups/FBGroups-Bridging-Header.h";
				SWIFT_OPTIMIZATION_LEVEL = "-Onone";
			};
			name = Debug;
		};
		650718EE195F2C78002B2EC0 /* Release */ = {
			isa = XCBuildConfiguration;
			baseConfigurationReference = A75C5F6916744E03B23C2B87 /* Pods-FBGroups.xcconfig */;
			buildSettings = {
				ASSETCATALOG_COMPILER_APPICON_NAME = AppIcon;
				ASSETCATALOG_COMPILER_LAUNCHIMAGE_NAME = LaunchImage;
				CLANG_ENABLE_MODULES = YES;
				FRAMEWORK_SEARCH_PATHS = (
					"$(inherited)",
					"$(PROJECT_DIR)/FBGroups",
					/Users/Daniel/Documents/FacebookSDK,
				);
				INFOPLIST_FILE = FBGroups/Info.plist;
				LD_RUNPATH_SEARCH_PATHS = "$(inherited) @executable_path/Frameworks";
				PRODUCT_NAME = "$(TARGET_NAME)";
				SWIFT_OBJC_BRIDGING_HEADER = "FBGroups/FBGroups-Bridging-Header.h";
			};
			name = Release;
		};
		650718F0195F2C78002B2EC0 /* Debug */ = {
			isa = XCBuildConfiguration;
			buildSettings = {
				BUNDLE_LOADER = "$(BUILT_PRODUCTS_DIR)/FBGroups.app/FBGroups";
				FRAMEWORK_SEARCH_PATHS = (
					"$(SDKROOT)/Developer/Library/Frameworks",
					"$(inherited)",
				);
				GCC_PREPROCESSOR_DEFINITIONS = (
					"DEBUG=1",
					"$(inherited)",
				);
				INFOPLIST_FILE = FBGroupsTests/Info.plist;
				LD_RUNPATH_SEARCH_PATHS = "$(inherited) @executable_path/Frameworks @loader_path/Frameworks";
				METAL_ENABLE_DEBUG_INFO = YES;
				PRODUCT_NAME = "$(TARGET_NAME)";
				TEST_HOST = "$(BUNDLE_LOADER)";
			};
			name = Debug;
		};
		650718F1195F2C78002B2EC0 /* Release */ = {
			isa = XCBuildConfiguration;
			buildSettings = {
				BUNDLE_LOADER = "$(BUILT_PRODUCTS_DIR)/FBGroups.app/FBGroups";
				FRAMEWORK_SEARCH_PATHS = (
					"$(SDKROOT)/Developer/Library/Frameworks",
					"$(inherited)",
				);
				INFOPLIST_FILE = FBGroupsTests/Info.plist;
				LD_RUNPATH_SEARCH_PATHS = "$(inherited) @executable_path/Frameworks @loader_path/Frameworks";
				METAL_ENABLE_DEBUG_INFO = NO;
				PRODUCT_NAME = "$(TARGET_NAME)";
				TEST_HOST = "$(BUNDLE_LOADER)";
			};
			name = Release;
		};
/* End XCBuildConfiguration section */

/* Begin XCConfigurationList section */
		650718CB195F2C78002B2EC0 /* Build configuration list for PBXProject "FBGroups" */ = {
			isa = XCConfigurationList;
			buildConfigurations = (
				650718EA195F2C78002B2EC0 /* Debug */,
				650718EB195F2C78002B2EC0 /* Release */,
			);
			defaultConfigurationIsVisible = 0;
			defaultConfigurationName = Release;
		};
		650718EC195F2C78002B2EC0 /* Build configuration list for PBXNativeTarget "FBGroups" */ = {
			isa = XCConfigurationList;
			buildConfigurations = (
				650718ED195F2C78002B2EC0 /* Debug */,
				650718EE195F2C78002B2EC0 /* Release */,
			);
			defaultConfigurationIsVisible = 0;
			defaultConfigurationName = Release;
		};
		650718EF195F2C78002B2EC0 /* Build configuration list for PBXNativeTarget "FBGroupsTests" */ = {
			isa = XCConfigurationList;
			buildConfigurations = (
				650718F0195F2C78002B2EC0 /* Debug */,
				650718F1195F2C78002B2EC0 /* Release */,
			);
			defaultConfigurationIsVisible = 0;
			defaultConfigurationName = Release;
		};
/* End XCConfigurationList section */

/* Begin XCVersionGroup section */
		65FA0C15196E3A42008E1C88 /* fbgroups.xcdatamodeld */ = {
			isa = XCVersionGroup;
			children = (
				65FA0C16196E3A42008E1C88 /* fbgroups.xcdatamodel */,
			);
			currentVersion = 65FA0C16196E3A42008E1C88 /* fbgroups.xcdatamodel */;
			path = fbgroups.xcdatamodeld;
			sourceTree = "<group>";
			versionGroupType = wrapper.xcdatamodel;
		};
/* End XCVersionGroup section */
	};
	rootObject = 650718C8195F2C78002B2EC0 /* Project object */;
}
